
Microsoft Visual Studio Solution File, Format Version 12.00
# Visual Studio Version 16
VisualStudioVersion = 16.0.29806.167
MinimumVisualStudioVersion = 10.0.40219.1
Project("{9A19103F-16F7-4668-BE54-9A1E7A4F7556}") = "MAF.Geo.Repository", "src\MAF.Geo.Repository\MAF.Geo.Repository.csproj", "{70A4C70B-BECE-4A37-A9C9-CB34599841E6}"
EndProject
Project("{2150E333-8FDC-42A3-9474-1A3956D46DE8}") = "src", "src", "{6426EF63-703B-4719-BC70-8BBD71771ECF}"
EndProject
Project("{9A19103F-16F7-4668-BE54-9A1E7A4F7556}") = "MAF.Geo.Api", "src\MAF.Geo.Api\MAF.Geo.Api.csproj", "{3CAD5FAD-0A4C-4D13-B804-47049092D4DD}"
EndProject
Project("{2150E333-8FDC-42A3-9474-1A3956D46DE8}") = "tests", "tests", "{862EA706-66ED-4FAB-8234-59291BA66A0E}"
EndProject
Project("{9A19103F-16F7-4668-BE54-9A1E7A4F7556}") = "MAF.Geo.Domain.Model", "src\MAF.Geo.Domain.Model\MAF.Geo.Domain.Model.csproj", "{C1AA7204-28AE-4A18-AD51-D052782F3842}"
EndProject
Project("{9A19103F-16F7-4668-BE54-9A1E7A4F7556}") = "MAF.Geo.Domain.Service", "src\MAF.Geo.Domain.Service\MAF.Geo.Domain.Service.csproj", "{F97952B9-413A-4290-8C7D-2D98E26AFFE4}"
EndProject
Project("{00D1A9C2-B5F0-4AF3-8072-F6C62B433612}") = "MAF.Geo.Database", "src\MAF.Geo.Database\MAF.Geo.Database.sqlproj", "{20A73C8A-54C8-4AB8-B0F5-0FA961EFCDF6}"
EndProject
Project("{2150E333-8FDC-42A3-9474-1A3956D46DE8}") = "UnitTests", "UnitTests", "{2162802B-BFC1-4B4E-9F70-DBAE6BDB15AE}"
EndProject
Project("{2150E333-8FDC-42A3-9474-1A3956D46DE8}") = "Web", "Web", "{90B76F55-25E0-401D-A6F3-0E3FD81646D1}"
EndProject
Project("{2150E333-8FDC-42A3-9474-1A3956D46DE8}") = "Domain", "Domain", "{9AF56D1A-E8B0-4823-8A1B-8BBF8802BEDD}"
EndProject
Project("{2150E333-8FDC-42A3-9474-1A3956D46DE8}") = "Infrastructure", "Infrastructure", "{A187ADF4-A653-47F8-9DA5-5C8EA1C83ED5}"
EndProject
Global
	GlobalSection(SolutionConfigurationPlatforms) = preSolution
		Debug|Any CPU = Debug|Any CPU
		Release|Any CPU = Release|Any CPU
	EndGlobalSection
	GlobalSection(ProjectConfigurationPlatforms) = postSolution
		{70A4C70B-BECE-4A37-A9C9-CB34599841E6}.Debug|Any CPU.ActiveCfg = Debug|Any CPU
		{70A4C70B-BECE-4A37-A9C9-CB34599841E6}.Debug|Any CPU.Build.0 = Debug|Any CPU
		{70A4C70B-BECE-4A37-A9C9-CB34599841E6}.Release|Any CPU.ActiveCfg = Release|Any CPU
		{70A4C70B-BECE-4A37-A9C9-CB34599841E6}.Release|Any CPU.Build.0 = Release|Any CPU
		{3CAD5FAD-0A4C-4D13-B804-47049092D4DD}.Debug|Any CPU.ActiveCfg = Debug|Any CPU
		{3CAD5FAD-0A4C-4D13-B804-47049092D4DD}.Debug|Any CPU.Build.0 = Debug|Any CPU
		{3CAD5FAD-0A4C-4D13-B804-47049092D4DD}.Release|Any CPU.ActiveCfg = Release|Any CPU
		{3CAD5FAD-0A4C-4D13-B804-47049092D4DD}.Release|Any CPU.Build.0 = Release|Any CPU
		{C1AA7204-28AE-4A18-AD51-D052782F3842}.Debug|Any CPU.ActiveCfg = Debug|Any CPU
		{C1AA7204-28AE-4A18-AD51-D052782F3842}.Debug|Any CPU.Build.0 = Debug|Any CPU
		{C1AA7204-28AE-4A18-AD51-D052782F3842}.Release|Any CPU.ActiveCfg = Release|Any CPU
		{C1AA7204-28AE-4A18-AD51-D052782F3842}.Release|Any CPU.Build.0 = Release|Any CPU
		{F97952B9-413A-4290-8C7D-2D98E26AFFE4}.Debug|Any CPU.ActiveCfg = Debug|Any CPU
		{F97952B9-413A-4290-8C7D-2D98E26AFFE4}.Debug|Any CPU.Build.0 = Debug|Any CPU
		{F97952B9-413A-4290-8C7D-2D98E26AFFE4}.Release|Any CPU.ActiveCfg = Release|Any CPU
		{F97952B9-413A-4290-8C7D-2D98E26AFFE4}.Release|Any CPU.Build.0 = Release|Any CPU
		{20A73C8A-54C8-4AB8-B0F5-0FA961EFCDF6}.Debug|Any CPU.ActiveCfg = Debug|Any CPU
		{20A73C8A-54C8-4AB8-B0F5-0FA961EFCDF6}.Debug|Any CPU.Build.0 = Debug|Any CPU
		{20A73C8A-54C8-4AB8-B0F5-0FA961EFCDF6}.Debug|Any CPU.Deploy.0 = Debug|Any CPU
		{20A73C8A-54C8-4AB8-B0F5-0FA961EFCDF6}.Release|Any CPU.ActiveCfg = Release|Any CPU
		{20A73C8A-54C8-4AB8-B0F5-0FA961EFCDF6}.Release|Any CPU.Build.0 = Release|Any CPU
		{20A73C8A-54C8-4AB8-B0F5-0FA961EFCDF6}.Release|Any CPU.Deploy.0 = Release|Any CPU
	EndGlobalSection
	GlobalSection(SolutionProperties) = preSolution
		HideSolutionNode = FALSE
	EndGlobalSection
	GlobalSection(NestedProjects) = preSolution
		{70A4C70B-BECE-4A37-A9C9-CB34599841E6} = {A187ADF4-A653-47F8-9DA5-5C8EA1C83ED5}
		{3CAD5FAD-0A4C-4D13-B804-47049092D4DD} = {90B76F55-25E0-401D-A6F3-0E3FD81646D1}
		{C1AA7204-28AE-4A18-AD51-D052782F3842} = {9AF56D1A-E8B0-4823-8A1B-8BBF8802BEDD}
		{F97952B9-413A-4290-8C7D-2D98E26AFFE4} = {9AF56D1A-E8B0-4823-8A1B-8BBF8802BEDD}
		{20A73C8A-54C8-4AB8-B0F5-0FA961EFCDF6} = {6426EF63-703B-4719-BC70-8BBD71771ECF}
		{2162802B-BFC1-4B4E-9F70-DBAE6BDB15AE} = {862EA706-66ED-4FAB-8234-59291BA66A0E}
		{90B76F55-25E0-401D-A6F3-0E3FD81646D1} = {6426EF63-703B-4719-BC70-8BBD71771ECF}
		{9AF56D1A-E8B0-4823-8A1B-8BBF8802BEDD} = {6426EF63-703B-4719-BC70-8BBD71771ECF}
		{A187ADF4-A653-47F8-9DA5-5C8EA1C83ED5} = {6426EF63-703B-4719-BC70-8BBD71771ECF}
	EndGlobalSection
	GlobalSection(ExtensibilityGlobals) = postSolution
		SolutionGuid = {B60793EE-340D-4590-A554-42D5E6378803}
	EndGlobalSection
EndGlobal
